
Microsoft Visual Studio Solution File, Format Version 12.00
# Visual Studio 15
VisualStudioVersion = 15.0.27130.2024
MinimumVisualStudioVersion = 10.0.40219.1
Project("{FAE04EC0-301F-11D3-BF4B-00C04F79EFBC}") = "Converter", "Converter\Converter.csproj", "{721C8CC1-35D6-4158-A320-DEB6BA5CF706}"
EndProject
Project("{2150E333-8FDC-42A3-9474-1A3956D46DE8}") = "Solution Items", "Solution Items", "{632CEC50-1E0B-4C47-AB02-6D8544F99D2B}"
	ProjectSection(SolutionItems) = preProject
		.gitignore = .gitignore
	EndProjectSection
EndProject
Global
	GlobalSection(SolutionConfigurationPlatforms) = preSolution
		Debug|Any CPU = Debug|Any CPU
		Release|Any CPU = Release|Any CPU
	EndGlobalSection
	GlobalSection(ProjectConfigurationPlatforms) = postSolution
		{721C8CC1-35D6-4158-A320-DEB6BA5CF706}.Debug|Any CPU.ActiveCfg = Debug|Any CPU
		{721C8CC1-35D6-4158-A320-DEB6BA5CF706}.Debug|Any CPU.Build.0 = Debug|Any CPU
		{721C8CC1-35D6-4158-A320-DEB6BA5CF706}.Release|Any CPU.ActiveCfg = Release|Any CPU
		{721C8CC1-35D6-4158-A320-DEB6BA5CF706}.Release|Any CPU.Build.0 = Release|Any CPU
	EndGlobalSection
	GlobalSection(SolutionProperties) = preSolution
		HideSolutionNode = FALSE
	EndGlobalSection
	GlobalSection(ExtensibilityGlobals) = postSolution
		SolutionGuid = {ADF329F2-528F-42A4-88F9-088A121A7C77}
	EndGlobalSection
EndGlobal
